
Microsoft Visual Studio Solution File, Format Version 12.00
# Visual Studio Version 17
VisualStudioVersion = 17.2.32630.192
MinimumVisualStudioVersion = 10.0.40219.1
Project("{FAE04EC0-301F-11D3-BF4B-00C04F79EFBC}") = "SeaBattle", "SeaBattle\SeaBattle.csproj", "{1B582D28-CAF8-40DC-BF0B-0A2F369D20A8}"
EndProject
Global
	GlobalSection(SolutionConfigurationPlatforms) = preSolution
		Debug|Any CPU = Debug|Any CPU
		Release|Any CPU = Release|Any CPU
	EndGlobalSection
	GlobalSection(ProjectConfigurationPlatforms) = postSolution
		{1B582D28-CAF8-40DC-BF0B-0A2F369D20A8}.Debug|Any CPU.ActiveCfg = Debug|Any CPU
		{1B582D28-CAF8-40DC-BF0B-0A2F369D20A8}.Debug|Any CPU.Build.0 = Debug|Any CPU
		{1B582D28-CAF8-40DC-BF0B-0A2F369D20A8}.Release|Any CPU.ActiveCfg = Release|Any CPU
		{1B582D28-CAF8-40DC-BF0B-0A2F369D20A8}.Release|Any CPU.Build.0 = Release|Any CPU
	EndGlobalSection
	GlobalSection(SolutionProperties) = preSolution
		HideSolutionNode = FALSE
	EndGlobalSection
	GlobalSection(ExtensibilityGlobals) = postSolution
		SolutionGuid = {5470E0AB-FE81-4D7A-A087-6E1E63ECEF27}
	EndGlobalSection
EndGlobal
